
Microsoft Visual Studio Solution File, Format Version 12.00
# Visual Studio Version 17
VisualStudioVersion = 17.3.32901.215
MinimumVisualStudioVersion = 10.0.40219.1
Project("{FAE04EC0-301F-11D3-BF4B-00C04F79EFBC}") = "Project", "Project\Project.csproj", "{A2B405AF-EDF0-4306-AAF3-2C8FBAF495AD}"
EndProject
Global
	GlobalSection(SolutionConfigurationPlatforms) = preSolution
		Debug|Any CPU = Debug|Any CPU
		Release|Any CPU = Release|Any CPU
	EndGlobalSection
	GlobalSection(ProjectConfigurationPlatforms) = postSolution
		{A2B405AF-EDF0-4306-AAF3-2C8FBAF495AD}.Debug|Any CPU.ActiveCfg = Debug|Any CPU
		{A2B405AF-EDF0-4306-AAF3-2C8FBAF495AD}.Debug|Any CPU.Build.0 = Debug|Any CPU
		{A2B405AF-EDF0-4306-AAF3-2C8FBAF495AD}.Release|Any CPU.ActiveCfg = Release|Any CPU
		{A2B405AF-EDF0-4306-AAF3-2C8FBAF495AD}.Release|Any CPU.Build.0 = Release|Any CPU
	EndGlobalSection
	GlobalSection(SolutionProperties) = preSolution
		HideSolutionNode = FALSE
	EndGlobalSection
	GlobalSection(ExtensibilityGlobals) = postSolution
		SolutionGuid = {04E0DAA1-9CE9-48B9-B54F-DADCD55C8F7D}
	EndGlobalSection
EndGlobal
